
Microsoft Visual Studio Solution File, Format Version 12.00
# Visual Studio 15
VisualStudioVersion = 15.0.28307.136
MinimumVisualStudioVersion = 10.0.40219.1
Project("{FAE04EC0-301F-11D3-BF4B-00C04F79EFBC}") = "intro", "intro\intro.csproj", "{4C8901E0-B86A-473B-BDDD-4CF1DCBAE4FE}"
EndProject
Project("{FAE04EC0-301F-11D3-BF4B-00C04F79EFBC}") = "ModelDemo", "ModelDemo\ModelDemo.csproj", "{E3124733-7D04-4E1A-95E3-49D84D50278A}"
EndProject
Project("{FAE04EC0-301F-11D3-BF4B-00C04F79EFBC}") = "WebApplication1", "WebApplication1\WebApplication1.csproj", "{4A5E5924-A17E-431E-973C-DF22632B4588}"
EndProject
Project("{FAE04EC0-301F-11D3-BF4B-00C04F79EFBC}") = "FilterDemo", "FilterDemo\FilterDemo.csproj", "{8C94A201-DB8B-4DA1-9D2D-86A3851062B9}"
EndProject
Global
	GlobalSection(SolutionConfigurationPlatforms) = preSolution
		Debug|Any CPU = Debug|Any CPU
		Release|Any CPU = Release|Any CPU
	EndGlobalSection
	GlobalSection(ProjectConfigurationPlatforms) = postSolution
		{4C8901E0-B86A-473B-BDDD-4CF1DCBAE4FE}.Debug|Any CPU.ActiveCfg = Debug|Any CPU
		{4C8901E0-B86A-473B-BDDD-4CF1DCBAE4FE}.Debug|Any CPU.Build.0 = Debug|Any CPU
		{4C8901E0-B86A-473B-BDDD-4CF1DCBAE4FE}.Release|Any CPU.ActiveCfg = Release|Any CPU
		{4C8901E0-B86A-473B-BDDD-4CF1DCBAE4FE}.Release|Any CPU.Build.0 = Release|Any CPU
		{E3124733-7D04-4E1A-95E3-49D84D50278A}.Debug|Any CPU.ActiveCfg = Debug|Any CPU
		{E3124733-7D04-4E1A-95E3-49D84D50278A}.Debug|Any CPU.Build.0 = Debug|Any CPU
		{E3124733-7D04-4E1A-95E3-49D84D50278A}.Release|Any CPU.ActiveCfg = Release|Any CPU
		{E3124733-7D04-4E1A-95E3-49D84D50278A}.Release|Any CPU.Build.0 = Release|Any CPU
		{4A5E5924-A17E-431E-973C-DF22632B4588}.Debug|Any CPU.ActiveCfg = Debug|Any CPU
		{4A5E5924-A17E-431E-973C-DF22632B4588}.Debug|Any CPU.Build.0 = Debug|Any CPU
		{4A5E5924-A17E-431E-973C-DF22632B4588}.Release|Any CPU.ActiveCfg = Release|Any CPU
		{4A5E5924-A17E-431E-973C-DF22632B4588}.Release|Any CPU.Build.0 = Release|Any CPU
		{8C94A201-DB8B-4DA1-9D2D-86A3851062B9}.Debug|Any CPU.ActiveCfg = Debug|Any CPU
		{8C94A201-DB8B-4DA1-9D2D-86A3851062B9}.Debug|Any CPU.Build.0 = Debug|Any CPU
		{8C94A201-DB8B-4DA1-9D2D-86A3851062B9}.Release|Any CPU.ActiveCfg = Release|Any CPU
		{8C94A201-DB8B-4DA1-9D2D-86A3851062B9}.Release|Any CPU.Build.0 = Release|Any CPU
	EndGlobalSection
	GlobalSection(SolutionProperties) = preSolution
		HideSolutionNode = FALSE
	EndGlobalSection
	GlobalSection(ExtensibilityGlobals) = postSolution
		SolutionGuid = {DB9F1E8E-5552-46E4-8CEB-E7233C2964B4}
	EndGlobalSection
EndGlobal
